
Microsoft Visual Studio Solution File, Format Version 12.00
# Visual Studio Version 16
VisualStudioVersion = 16.0.31613.86
MinimumVisualStudioVersion = 10.0.40219.1
Project("{FAE04EC0-301F-11D3-BF4B-00C04F79EFBC}") = "Secao7", "Secao7\Secao7.csproj", "{17B95DA7-ACF8-4088-893C-F73D2F27D789}"
EndProject
Project("{FAE04EC0-301F-11D3-BF4B-00C04F79EFBC}") = "Secao7SwitchCase", "Secao7SwitchCase\Secao7SwitchCase.csproj", "{F5C61528-4C09-4605-9DDD-9E12F30CEEB4}"
EndProject
Project("{FAE04EC0-301F-11D3-BF4B-00C04F79EFBC}") = "ExpressaoCondicionalTernaria", "ExpressaoCondicionalTernaria\ExpressaoCondicionalTernaria.csproj", "{0ADDF19C-A9A4-4B7C-B6C9-8B2A1D8A1F4D}"
EndProject
Project("{FAE04EC0-301F-11D3-BF4B-00C04F79EFBC}") = "StringsInteressantes", "StringsInteressantes\StringsInteressantes.csproj", "{605D7FF0-75E6-46AD-893F-7C4073CAD512}"
EndProject
Project("{FAE04EC0-301F-11D3-BF4B-00C04F79EFBC}") = "Datetime", "Datetime\Datetime.csproj", "{C5B97328-02D0-471C-B6F3-2520E1E27BB3}"
EndProject
Project("{FAE04EC0-301F-11D3-BF4B-00C04F79EFBC}") = "TimeSpan", "TimeSpan\TimeSpan.csproj", "{24B2EDC2-7D76-46FC-89C6-A66E12187738}"
EndProject
Global
	GlobalSection(SolutionConfigurationPlatforms) = preSolution
		Debug|Any CPU = Debug|Any CPU
		Release|Any CPU = Release|Any CPU
	EndGlobalSection
	GlobalSection(ProjectConfigurationPlatforms) = postSolution
		{17B95DA7-ACF8-4088-893C-F73D2F27D789}.Debug|Any CPU.ActiveCfg = Debug|Any CPU
		{17B95DA7-ACF8-4088-893C-F73D2F27D789}.Debug|Any CPU.Build.0 = Debug|Any CPU
		{17B95DA7-ACF8-4088-893C-F73D2F27D789}.Release|Any CPU.ActiveCfg = Release|Any CPU
		{17B95DA7-ACF8-4088-893C-F73D2F27D789}.Release|Any CPU.Build.0 = Release|Any CPU
		{F5C61528-4C09-4605-9DDD-9E12F30CEEB4}.Debug|Any CPU.ActiveCfg = Debug|Any CPU
		{F5C61528-4C09-4605-9DDD-9E12F30CEEB4}.Debug|Any CPU.Build.0 = Debug|Any CPU
		{F5C61528-4C09-4605-9DDD-9E12F30CEEB4}.Release|Any CPU.ActiveCfg = Release|Any CPU
		{F5C61528-4C09-4605-9DDD-9E12F30CEEB4}.Release|Any CPU.Build.0 = Release|Any CPU
		{0ADDF19C-A9A4-4B7C-B6C9-8B2A1D8A1F4D}.Debug|Any CPU.ActiveCfg = Debug|Any CPU
		{0ADDF19C-A9A4-4B7C-B6C9-8B2A1D8A1F4D}.Debug|Any CPU.Build.0 = Debug|Any CPU
		{0ADDF19C-A9A4-4B7C-B6C9-8B2A1D8A1F4D}.Release|Any CPU.ActiveCfg = Release|Any CPU
		{0ADDF19C-A9A4-4B7C-B6C9-8B2A1D8A1F4D}.Release|Any CPU.Build.0 = Release|Any CPU
		{605D7FF0-75E6-46AD-893F-7C4073CAD512}.Debug|Any CPU.ActiveCfg = Debug|Any CPU
		{605D7FF0-75E6-46AD-893F-7C4073CAD512}.Debug|Any CPU.Build.0 = Debug|Any CPU
		{605D7FF0-75E6-46AD-893F-7C4073CAD512}.Release|Any CPU.ActiveCfg = Release|Any CPU
		{605D7FF0-75E6-46AD-893F-7C4073CAD512}.Release|Any CPU.Build.0 = Release|Any CPU
		{C5B97328-02D0-471C-B6F3-2520E1E27BB3}.Debug|Any CPU.ActiveCfg = Debug|Any CPU
		{C5B97328-02D0-471C-B6F3-2520E1E27BB3}.Debug|Any CPU.Build.0 = Debug|Any CPU
		{C5B97328-02D0-471C-B6F3-2520E1E27BB3}.Release|Any CPU.ActiveCfg = Release|Any CPU
		{C5B97328-02D0-471C-B6F3-2520E1E27BB3}.Release|Any CPU.Build.0 = Release|Any CPU
		{24B2EDC2-7D76-46FC-89C6-A66E12187738}.Debug|Any CPU.ActiveCfg = Debug|Any CPU
		{24B2EDC2-7D76-46FC-89C6-A66E12187738}.Debug|Any CPU.Build.0 = Debug|Any CPU
		{24B2EDC2-7D76-46FC-89C6-A66E12187738}.Release|Any CPU.ActiveCfg = Release|Any CPU
		{24B2EDC2-7D76-46FC-89C6-A66E12187738}.Release|Any CPU.Build.0 = Release|Any CPU
	EndGlobalSection
	GlobalSection(SolutionProperties) = preSolution
		HideSolutionNode = FALSE
	EndGlobalSection
	GlobalSection(ExtensibilityGlobals) = postSolution
		SolutionGuid = {3C860EC5-84F9-4BB2-BFCA-CBC42CEF919E}
	EndGlobalSection
EndGlobal
