
Microsoft Visual Studio Solution File, Format Version 12.00
# Visual Studio Version 16
VisualStudioVersion = 16.0.31410.357
MinimumVisualStudioVersion = 10.0.40219.1
Project("{FAE04EC0-301F-11D3-BF4B-00C04F79EFBC}") = "Primeiro", "Primeiro\Primeiro.csproj", "{86F77839-589E-410C-A1B7-CB87D1128461}"
EndProject
Global
	GlobalSection(SolutionConfigurationPlatforms) = preSolution
		Debug|Any CPU = Debug|Any CPU
		Release|Any CPU = Release|Any CPU
	EndGlobalSection
	GlobalSection(ProjectConfigurationPlatforms) = postSolution
		{86F77839-589E-410C-A1B7-CB87D1128461}.Debug|Any CPU.ActiveCfg = Debug|Any CPU
		{86F77839-589E-410C-A1B7-CB87D1128461}.Debug|Any CPU.Build.0 = Debug|Any CPU
		{86F77839-589E-410C-A1B7-CB87D1128461}.Release|Any CPU.ActiveCfg = Release|Any CPU
		{86F77839-589E-410C-A1B7-CB87D1128461}.Release|Any CPU.Build.0 = Release|Any CPU
	EndGlobalSection
	GlobalSection(SolutionProperties) = preSolution
		HideSolutionNode = FALSE
	EndGlobalSection
	GlobalSection(ExtensibilityGlobals) = postSolution
		SolutionGuid = {FD5CD257-671B-4984-8C25-3F1C04084CE6}
	EndGlobalSection
EndGlobal
