
Microsoft Visual Studio Solution File, Format Version 12.00
# Visual Studio Version 16
VisualStudioVersion = 16.0.31613.86
MinimumVisualStudioVersion = 10.0.40219.1
Project("{FAE04EC0-301F-11D3-BF4B-00C04F79EFBC}") = "Secao10HErancaPolimorfsmo", "Secao10\Secao10HErancaPolimorfsmo.csproj", "{92CBA226-A1EB-42D3-80FF-2091868E9286}"
EndProject
Global
	GlobalSection(SolutionConfigurationPlatforms) = preSolution
		Debug|Any CPU = Debug|Any CPU
		Release|Any CPU = Release|Any CPU
	EndGlobalSection
	GlobalSection(ProjectConfigurationPlatforms) = postSolution
		{92CBA226-A1EB-42D3-80FF-2091868E9286}.Debug|Any CPU.ActiveCfg = Debug|Any CPU
		{92CBA226-A1EB-42D3-80FF-2091868E9286}.Debug|Any CPU.Build.0 = Debug|Any CPU
		{92CBA226-A1EB-42D3-80FF-2091868E9286}.Release|Any CPU.ActiveCfg = Release|Any CPU
		{92CBA226-A1EB-42D3-80FF-2091868E9286}.Release|Any CPU.Build.0 = Release|Any CPU
	EndGlobalSection
	GlobalSection(SolutionProperties) = preSolution
		HideSolutionNode = FALSE
	EndGlobalSection
	GlobalSection(ExtensibilityGlobals) = postSolution
		SolutionGuid = {CD192DE2-ECD7-4405-B498-E1E9950B989B}
	EndGlobalSection
EndGlobal
